
Microsoft Visual Studio Solution File, Format Version 12.00
# Visual Studio Version 17
VisualStudioVersion = 17.14.37411.7 d17.14
MinimumVisualStudioVersion = 10.0.40219.1
Project("{FAE04EC0-301F-11D3-BF4B-00C04F79EFBC}") = "Redis-Example", "Redis-Example\Redis-Example.csproj", "{76A9F1EB-73DA-4F15-8020-BD96B141CF94}"
EndProject
Global
	GlobalSection(SolutionConfigurationPlatforms) = preSolution
		Debug|Any CPU = Debug|Any CPU
		Release|Any CPU = Release|Any CPU
	EndGlobalSection
	GlobalSection(ProjectConfigurationPlatforms) = postSolution
		{76A9F1EB-73DA-4F15-8020-BD96B141CF94}.Debug|Any CPU.ActiveCfg = Debug|Any CPU
		{76A9F1EB-73DA-4F15-8020-BD96B141CF94}.Debug|Any CPU.Build.0 = Debug|Any CPU
		{76A9F1EB-73DA-4F15-8020-BD96B141CF94}.Release|Any CPU.ActiveCfg = Release|Any CPU
		{76A9F1EB-73DA-4F15-8020-BD96B141CF94}.Release|Any CPU.Build.0 = Release|Any CPU
	EndGlobalSection
	GlobalSection(SolutionProperties) = preSolution
		HideSolutionNode = FALSE
	EndGlobalSection
	GlobalSection(ExtensibilityGlobals) = postSolution
		SolutionGuid = {8E279B66-0AEE-41A5-A8C0-D45617D6CE4A}
	EndGlobalSection
EndGlobal
